// !$*UTF8*$!
{
	archiveVersion = 1;
	classes = {
	};
	objectVersion = 56;
	objects = {

/* Begin PBXBuildFile section */
		A802B1A22A9CA68F004A2370 /* VehicleEmojiPicker.swift in Sources */ = {isa = PBXBuildFile; fileRef = A802B1A12A9CA68F004A2370 /* VehicleEmojiPicker.swift */; };
		A802B1A82A9CE38A004A2370 /* EditCarView.swift in Sources */ = {isa = PBXBuildFile; fileRef = A802B1A72A9CE38A004A2370 /* EditCarView.swift */; };
		A80821A02AC5E676004B284E /* PushNotificationManager.swift in Sources */ = {isa = PBXBuildFile; fileRef = A808219F2AC5E676004B284E /* PushNotificationManager.swift */; };
		A827F2CC2A895C75002F6567 /* CarDetailsView.swift in Sources */ = {isa = PBXBuildFile; fileRef = A827F2CB2A895C75002F6567 /* CarDetailsView.swift */; };
		A8285A932A793F2D007D3305 /* GroupDetailView.swift in Sources */ = {isa = PBXBuildFile; fileRef = A8285A922A793F2D007D3305 /* GroupDetailView.swift */; };
		A8285A952A7950AE007D3305 /* CreateGroupView.swift in Sources */ = {isa = PBXBuildFile; fileRef = A8285A942A7950AE007D3305 /* CreateGroupView.swift */; };
		A82D1A032A6EB65100687364 /* ForgotPasswordService.swift in Sources */ = {isa = PBXBuildFile; fileRef = A82D1A022A6EB65100687364 /* ForgotPasswordService.swift */; };
		A82D1A062A6EBCC700687364 /* ForgotPasswordViewModel.swift in Sources */ = {isa = PBXBuildFile; fileRef = A82D1A052A6EBCC700687364 /* ForgotPasswordViewModel.swift */; };
		A82D1A0B2A71722700687364 /* MapView.swift in Sources */ = {isa = PBXBuildFile; fileRef = A82D1A0A2A71722700687364 /* MapView.swift */; };
		A82D1A0E2A7172BB00687364 /* MapViewModel.swift in Sources */ = {isa = PBXBuildFile; fileRef = A82D1A0D2A7172BB00687364 /* MapViewModel.swift */; };
		A842D8512A5EBAFC008F8C8F /* FinnFindsApp.swift in Sources */ = {isa = PBXBuildFile; fileRef = A842D8502A5EBAFC008F8C8F /* FinnFindsApp.swift */; };
		A842D8552A5EBAFD008F8C8F /* Assets.xcassets in Resources */ = {isa = PBXBuildFile; fileRef = A842D8542A5EBAFD008F8C8F /* Assets.xcassets */; };
		A842D8582A5EBAFD008F8C8F /* Preview Assets.xcassets in Resources */ = {isa = PBXBuildFile; fileRef = A842D8572A5EBAFD008F8C8F /* Preview Assets.xcassets */; };
		A842D8642A5EC44E008F8C8F /* FirebaseAuth in Frameworks */ = {isa = PBXBuildFile; productRef = A842D8632A5EC44E008F8C8F /* FirebaseAuth */; };
		A842D8662A5EC44E008F8C8F /* FirebaseFirestore in Frameworks */ = {isa = PBXBuildFile; productRef = A842D8652A5EC44E008F8C8F /* FirebaseFirestore */; };
		A842D86A2A5F0F17008F8C8F /* LoginView.swift in Sources */ = {isa = PBXBuildFile; fileRef = A842D8692A5F0F17008F8C8F /* LoginView.swift */; };
		A842D86D2A5F11D1008F8C8F /* InputTextFieldView.swift in Sources */ = {isa = PBXBuildFile; fileRef = A842D86C2A5F11D1008F8C8F /* InputTextFieldView.swift */; };
		A842D8702A5F1C8E008F8C8F /* PreviewLayoutComponentModifier.swift in Sources */ = {isa = PBXBuildFile; fileRef = A842D86F2A5F1C8E008F8C8F /* PreviewLayoutComponentModifier.swift */; };
		A842D8722A606514008F8C8F /* InputPasswordView.swift in Sources */ = {isa = PBXBuildFile; fileRef = A842D8712A606514008F8C8F /* InputPasswordView.swift */; };
		A842D8742A607988008F8C8F /* ButtonView.swift in Sources */ = {isa = PBXBuildFile; fileRef = A842D8732A607988008F8C8F /* ButtonView.swift */; };
		A842D8792A608112008F8C8F /* RegisterView.swift in Sources */ = {isa = PBXBuildFile; fileRef = A842D8782A608112008F8C8F /* RegisterView.swift */; };
		A842D87B2A6086B4008F8C8F /* CloseModifier.swift in Sources */ = {isa = PBXBuildFile; fileRef = A842D87A2A6086B4008F8C8F /* CloseModifier.swift */; };
		A842D87F2A608926008F8C8F /* HomeView.swift in Sources */ = {isa = PBXBuildFile; fileRef = A842D87E2A608926008F8C8F /* HomeView.swift */; };
		A842D8832A616603008F8C8F /* ForgotPasswordView.swift in Sources */ = {isa = PBXBuildFile; fileRef = A842D8822A616603008F8C8F /* ForgotPasswordView.swift */; };
		A842D8862A6172D8008F8C8F /* RegistrationDetails.swift in Sources */ = {isa = PBXBuildFile; fileRef = A842D8852A6172D8008F8C8F /* RegistrationDetails.swift */; };
		A842D8892A61732C008F8C8F /* RegistrationService.swift in Sources */ = {isa = PBXBuildFile; fileRef = A842D8882A61732C008F8C8F /* RegistrationService.swift */; };
		A842D88C2A619088008F8C8F /* RegistrationViewModel.swift in Sources */ = {isa = PBXBuildFile; fileRef = A842D88B2A619088008F8C8F /* RegistrationViewModel.swift */; };
		A842D8932A61AE9F008F8C8F /* SessionService.swift in Sources */ = {isa = PBXBuildFile; fileRef = A842D8922A61AE9F008F8C8F /* SessionService.swift */; };
		A842D8962A63FC28008F8C8F /* LoginCredentials.swift in Sources */ = {isa = PBXBuildFile; fileRef = A842D8952A63FC28008F8C8F /* LoginCredentials.swift */; };
		A842D8992A63FC72008F8C8F /* LoginService.swift in Sources */ = {isa = PBXBuildFile; fileRef = A842D8982A63FC72008F8C8F /* LoginService.swift */; };
		A87139AC2AB0AFA10053C187 /* GoogleService-Info.plist in Resources */ = {isa = PBXBuildFile; fileRef = A87139AB2AB0AFA10053C187 /* GoogleService-Info.plist */; };
		A87139AF2AB2027D0053C187 /* Constants.swift in Sources */ = {isa = PBXBuildFile; fileRef = A87139AE2AB2027D0053C187 /* Constants.swift */; };
		A885FD862A6E78F300C3CBD4 /* LoginViewModel.swift in Sources */ = {isa = PBXBuildFile; fileRef = A885FD852A6E78F300C3CBD4 /* LoginViewModel.swift */; };
		A88A05562AC46441004999C6 /* FirebaseMessaging in Frameworks */ = {isa = PBXBuildFile; productRef = A88A05552AC46441004999C6 /* FirebaseMessaging */; };
		A88A05592AC465B7004999C6 /* NotificationsManager.swift in Sources */ = {isa = PBXBuildFile; fileRef = A88A05582AC465B7004999C6 /* NotificationsManager.swift */; };
		A88B86F82A99130300F90C54 /* SearchView.swift in Sources */ = {isa = PBXBuildFile; fileRef = A88B86F72A99130300F90C54 /* SearchView.swift */; };
		A89F2E642A79359800C97665 /* GroupsService.swift in Sources */ = {isa = PBXBuildFile; fileRef = A89F2E632A79359800C97665 /* GroupsService.swift */; };
		A89F2E672A7938FA00C97665 /* GroupsViewModel.swift in Sources */ = {isa = PBXBuildFile; fileRef = A89F2E662A7938FA00C97665 /* GroupsViewModel.swift */; };
		A89F2E6A2A793BCA00C97665 /* GroupsView.swift in Sources */ = {isa = PBXBuildFile; fileRef = A89F2E692A793BCA00C97665 /* GroupsView.swift */; };
		A89F2E6D2A793D4C00C97665 /* GroupDetails.swift in Sources */ = {isa = PBXBuildFile; fileRef = A89F2E6C2A793D4C00C97665 /* GroupDetails.swift */; };
		A8A863702A7BB5EA0046995D /* UserDetails.swift in Sources */ = {isa = PBXBuildFile; fileRef = A8A8636F2A7BB5EA0046995D /* UserDetails.swift */; };
		A8CF46D32A7A6A6200F39C7A /* AddCarView.swift in Sources */ = {isa = PBXBuildFile; fileRef = A8CF46D22A7A6A6200F39C7A /* AddCarView.swift */; };
		A8F759702A8E608E009443BB /* InviteMemberView.swift in Sources */ = {isa = PBXBuildFile; fileRef = A8F7596F2A8E608E009443BB /* InviteMemberView.swift */; };
		A8F759732A8E6CAB009443BB /* BaseFuntions.swift in Sources */ = {isa = PBXBuildFile; fileRef = A8F759722A8E6CAB009443BB /* BaseFuntions.swift */; };
		A8F759772A8E6E0B009443BB /* AccountView.swift in Sources */ = {isa = PBXBuildFile; fileRef = A8F759762A8E6E0B009443BB /* AccountView.swift */; };
		A8F7597A2A8E70FA009443BB /* AccountViewModel.swift in Sources */ = {isa = PBXBuildFile; fileRef = A8F759792A8E70FA009443BB /* AccountViewModel.swift */; };
		A8F7597D2A8E7176009443BB /* AccountService.swift in Sources */ = {isa = PBXBuildFile; fileRef = A8F7597C2A8E7176009443BB /* AccountService.swift */; };
		A8F759802A8E71CF009443BB /* Invitation.swift in Sources */ = {isa = PBXBuildFile; fileRef = A8F7597F2A8E71CF009443BB /* Invitation.swift */; };
		A8FF95C22A7D16A60025C516 /* Car.swift in Sources */ = {isa = PBXBuildFile; fileRef = A8FF95C12A7D16A60025C516 /* Car.swift */; };
		A8FF95C42A7D16F30025C516 /* CarsService.swift in Sources */ = {isa = PBXBuildFile; fileRef = A8FF95C32A7D16F30025C516 /* CarsService.swift */; };
		A8FF95C62A7D1B110025C516 /* CarsViewModel.swift in Sources */ = {isa = PBXBuildFile; fileRef = A8FF95C52A7D1B110025C516 /* CarsViewModel.swift */; };
		A8FF95C82A7D1CA50025C516 /* CarsView.swift in Sources */ = {isa = PBXBuildFile; fileRef = A8FF95C72A7D1CA50025C516 /* CarsView.swift */; };
/* End PBXBuildFile section */

/* Begin PBXFileReference section */
		A802B1A12A9CA68F004A2370 /* VehicleEmojiPicker.swift */ = {isa = PBXFileReference; lastKnownFileType = sourcecode.swift; path = VehicleEmojiPicker.swift; sourceTree = "<group>"; };
		A802B1A72A9CE38A004A2370 /* EditCarView.swift */ = {isa = PBXFileReference; lastKnownFileType = sourcecode.swift; path = EditCarView.swift; sourceTree = "<group>"; };
		A808219F2AC5E676004B284E /* PushNotificationManager.swift */ = {isa = PBXFileReference; lastKnownFileType = sourcecode.swift; path = PushNotificationManager.swift; sourceTree = "<group>"; };
		A827F2CB2A895C75002F6567 /* CarDetailsView.swift */ = {isa = PBXFileReference; lastKnownFileType = sourcecode.swift; path = CarDetailsView.swift; sourceTree = "<group>"; };
		A8285A922A793F2D007D3305 /* GroupDetailView.swift */ = {isa = PBXFileReference; lastKnownFileType = sourcecode.swift; path = GroupDetailView.swift; sourceTree = "<group>"; };
		A8285A942A7950AE007D3305 /* CreateGroupView.swift */ = {isa = PBXFileReference; lastKnownFileType = sourcecode.swift; path = CreateGroupView.swift; sourceTree = "<group>"; };
		A82D1A022A6EB65100687364 /* ForgotPasswordService.swift */ = {isa = PBXFileReference; lastKnownFileType = sourcecode.swift; path = ForgotPasswordService.swift; sourceTree = "<group>"; };
		A82D1A052A6EBCC700687364 /* ForgotPasswordViewModel.swift */ = {isa = PBXFileReference; lastKnownFileType = sourcecode.swift; path = ForgotPasswordViewModel.swift; sourceTree = "<group>"; };
		A82D1A072A6FF67D00687364 /* FinnFinds.entitlements */ = {isa = PBXFileReference; lastKnownFileType = text.plist.entitlements; path = FinnFinds.entitlements; sourceTree = "<group>"; };
		A82D1A0A2A71722700687364 /* MapView.swift */ = {isa = PBXFileReference; lastKnownFileType = sourcecode.swift; path = MapView.swift; sourceTree = "<group>"; };
		A82D1A0D2A7172BB00687364 /* MapViewModel.swift */ = {isa = PBXFileReference; lastKnownFileType = sourcecode.swift; path = MapViewModel.swift; sourceTree = "<group>"; };
		A842D84D2A5EBAFC008F8C8F /* FinnFinds.app */ = {isa = PBXFileReference; explicitFileType = wrapper.application; includeInIndex = 0; path = FinnFinds.app; sourceTree = BUILT_PRODUCTS_DIR; };
		A842D8502A5EBAFC008F8C8F /* FinnFindsApp.swift */ = {isa = PBXFileReference; lastKnownFileType = sourcecode.swift; path = FinnFindsApp.swift; sourceTree = "<group>"; };
		A842D8542A5EBAFD008F8C8F /* Assets.xcassets */ = {isa = PBXFileReference; lastKnownFileType = folder.assetcatalog; path = Assets.xcassets; sourceTree = "<group>"; };
		A842D8572A5EBAFD008F8C8F /* Preview Assets.xcassets */ = {isa = PBXFileReference; lastKnownFileType = folder.assetcatalog; path = "Preview Assets.xcassets"; sourceTree = "<group>"; };
		A842D8692A5F0F17008F8C8F /* LoginView.swift */ = {isa = PBXFileReference; lastKnownFileType = sourcecode.swift; path = LoginView.swift; sourceTree = "<group>"; };
		A842D86C2A5F11D1008F8C8F /* InputTextFieldView.swift */ = {isa = PBXFileReference; lastKnownFileType = sourcecode.swift; path = InputTextFieldView.swift; sourceTree = "<group>"; };
		A842D86F2A5F1C8E008F8C8F /* PreviewLayoutComponentModifier.swift */ = {isa = PBXFileReference; lastKnownFileType = sourcecode.swift; path = PreviewLayoutComponentModifier.swift; sourceTree = "<group>"; };
		A842D8712A606514008F8C8F /* InputPasswordView.swift */ = {isa = PBXFileReference; lastKnownFileType = sourcecode.swift; path = InputPasswordView.swift; sourceTree = "<group>"; };
		A842D8732A607988008F8C8F /* ButtonView.swift */ = {isa = PBXFileReference; lastKnownFileType = sourcecode.swift; path = ButtonView.swift; sourceTree = "<group>"; };
		A842D8782A608112008F8C8F /* RegisterView.swift */ = {isa = PBXFileReference; lastKnownFileType = sourcecode.swift; path = RegisterView.swift; sourceTree = "<group>"; };
		A842D87A2A6086B4008F8C8F /* CloseModifier.swift */ = {isa = PBXFileReference; lastKnownFileType = sourcecode.swift; path = CloseModifier.swift; sourceTree = "<group>"; };
		A842D87E2A608926008F8C8F /* HomeView.swift */ = {isa = PBXFileReference; lastKnownFileType = sourcecode.swift; path = HomeView.swift; sourceTree = "<group>"; };
		A842D8822A616603008F8C8F /* ForgotPasswordView.swift */ = {isa = PBXFileReference; lastKnownFileType = sourcecode.swift; path = ForgotPasswordView.swift; sourceTree = "<group>"; };
		A842D8852A6172D8008F8C8F /* RegistrationDetails.swift */ = {isa = PBXFileReference; lastKnownFileType = sourcecode.swift; path = RegistrationDetails.swift; sourceTree = "<group>"; };
		A842D8882A61732C008F8C8F /* RegistrationService.swift */ = {isa = PBXFileReference; lastKnownFileType = sourcecode.swift; path = RegistrationService.swift; sourceTree = "<group>"; };
		A842D88B2A619088008F8C8F /* RegistrationViewModel.swift */ = {isa = PBXFileReference; lastKnownFileType = sourcecode.swift; path = RegistrationViewModel.swift; sourceTree = "<group>"; };
		A842D8922A61AE9F008F8C8F /* SessionService.swift */ = {isa = PBXFileReference; lastKnownFileType = sourcecode.swift; path = SessionService.swift; sourceTree = "<group>"; };
		A842D8952A63FC28008F8C8F /* LoginCredentials.swift */ = {isa = PBXFileReference; lastKnownFileType = sourcecode.swift; path = LoginCredentials.swift; sourceTree = "<group>"; };
		A842D8982A63FC72008F8C8F /* LoginService.swift */ = {isa = PBXFileReference; lastKnownFileType = sourcecode.swift; path = LoginService.swift; sourceTree = "<group>"; };
		A87139AB2AB0AFA10053C187 /* GoogleService-Info.plist */ = {isa = PBXFileReference; fileEncoding = 4; lastKnownFileType = text.plist.xml; path = "GoogleService-Info.plist"; sourceTree = "<group>"; };
		A87139AE2AB2027D0053C187 /* Constants.swift */ = {isa = PBXFileReference; lastKnownFileType = sourcecode.swift; path = Constants.swift; sourceTree = "<group>"; };
		A885FD852A6E78F300C3CBD4 /* LoginViewModel.swift */ = {isa = PBXFileReference; lastKnownFileType = sourcecode.swift; path = LoginViewModel.swift; sourceTree = "<group>"; };
		A88A05582AC465B7004999C6 /* NotificationsManager.swift */ = {isa = PBXFileReference; lastKnownFileType = sourcecode.swift; path = NotificationsManager.swift; sourceTree = "<group>"; };
		A88B86F72A99130300F90C54 /* SearchView.swift */ = {isa = PBXFileReference; lastKnownFileType = sourcecode.swift; path = SearchView.swift; sourceTree = "<group>"; };
		A89F2E632A79359800C97665 /* GroupsService.swift */ = {isa = PBXFileReference; lastKnownFileType = sourcecode.swift; path = GroupsService.swift; sourceTree = "<group>"; };
		A89F2E662A7938FA00C97665 /* GroupsViewModel.swift */ = {isa = PBXFileReference; lastKnownFileType = sourcecode.swift; path = GroupsViewModel.swift; sourceTree = "<group>"; };
		A89F2E692A793BCA00C97665 /* GroupsView.swift */ = {isa = PBXFileReference; lastKnownFileType = sourcecode.swift; path = GroupsView.swift; sourceTree = "<group>"; };
		A89F2E6C2A793D4C00C97665 /* GroupDetails.swift */ = {isa = PBXFileReference; lastKnownFileType = sourcecode.swift; path = GroupDetails.swift; sourceTree = "<group>"; };
		A8A8636F2A7BB5EA0046995D /* UserDetails.swift */ = {isa = PBXFileReference; lastKnownFileType = sourcecode.swift; path = UserDetails.swift; sourceTree = "<group>"; };
		A8CF46D22A7A6A6200F39C7A /* AddCarView.swift */ = {isa = PBXFileReference; lastKnownFileType = sourcecode.swift; path = AddCarView.swift; sourceTree = "<group>"; };
		A8F7596F2A8E608E009443BB /* InviteMemberView.swift */ = {isa = PBXFileReference; lastKnownFileType = sourcecode.swift; path = InviteMemberView.swift; sourceTree = "<group>"; };
		A8F759722A8E6CAB009443BB /* BaseFuntions.swift */ = {isa = PBXFileReference; lastKnownFileType = sourcecode.swift; path = BaseFuntions.swift; sourceTree = "<group>"; };
		A8F759762A8E6E0B009443BB /* AccountView.swift */ = {isa = PBXFileReference; lastKnownFileType = sourcecode.swift; path = AccountView.swift; sourceTree = "<group>"; };
		A8F759792A8E70FA009443BB /* AccountViewModel.swift */ = {isa = PBXFileReference; lastKnownFileType = sourcecode.swift; path = AccountViewModel.swift; sourceTree = "<group>"; };
		A8F7597C2A8E7176009443BB /* AccountService.swift */ = {isa = PBXFileReference; lastKnownFileType = sourcecode.swift; path = AccountService.swift; sourceTree = "<group>"; };
		A8F7597F2A8E71CF009443BB /* Invitation.swift */ = {isa = PBXFileReference; lastKnownFileType = sourcecode.swift; path = Invitation.swift; sourceTree = "<group>"; };
		A8FF95C12A7D16A60025C516 /* Car.swift */ = {isa = PBXFileReference; lastKnownFileType = sourcecode.swift; path = Car.swift; sourceTree = "<group>"; };
		A8FF95C32A7D16F30025C516 /* CarsService.swift */ = {isa = PBXFileReference; lastKnownFileType = sourcecode.swift; path = CarsService.swift; sourceTree = "<group>"; };
		A8FF95C52A7D1B110025C516 /* CarsViewModel.swift */ = {isa = PBXFileReference; lastKnownFileType = sourcecode.swift; path = CarsViewModel.swift; sourceTree = "<group>"; };
		A8FF95C72A7D1CA50025C516 /* CarsView.swift */ = {isa = PBXFileReference; lastKnownFileType = sourcecode.swift; path = CarsView.swift; sourceTree = "<group>"; };
/* End PBXFileReference section */

/* Begin PBXFrameworksBuildPhase section */
		A842D84A2A5EBAFC008F8C8F /* Frameworks */ = {
			isa = PBXFrameworksBuildPhase;
			buildActionMask = 2147483647;
			files = (
				A88A05562AC46441004999C6 /* FirebaseMessaging in Frameworks */,
				A842D8642A5EC44E008F8C8F /* FirebaseAuth in Frameworks */,
				A842D8662A5EC44E008F8C8F /* FirebaseFirestore in Frameworks */,
			);
			runOnlyForDeploymentPostprocessing = 0;
		};
/* End PBXFrameworksBuildPhase section */

/* Begin PBXGroup section */
		A82D1A012A6EB64600687364 /* Service */ = {
			isa = PBXGroup;
			children = (
				A82D1A022A6EB65100687364 /* ForgotPasswordService.swift */,
			);
			path = Service;
			sourceTree = "<group>";
		};
		A82D1A042A6EBCB000687364 /* ViewModel */ = {
			isa = PBXGroup;
			children = (
				A82D1A052A6EBCC700687364 /* ForgotPasswordViewModel.swift */,
			);
			path = ViewModel;
			sourceTree = "<group>";
		};
		A82D1A082A71720200687364 /* Map */ = {
			isa = PBXGroup;
			children = (
				A82DF7D32A77DD22005AD7B0 /* Service */,
				A82D1A0C2A7172AF00687364 /* ViewModel */,
				A82D1A092A71721900687364 /* Views */,
			);
			path = Map;
			sourceTree = "<group>";
		};
		A82D1A092A71721900687364 /* Views */ = {
			isa = PBXGroup;
			children = (
				A82D1A0A2A71722700687364 /* MapView.swift */,
				A88B86F72A99130300F90C54 /* SearchView.swift */,
			);
			path = Views;
			sourceTree = "<group>";
		};
		A82D1A0C2A7172AF00687364 /* ViewModel */ = {
			isa = PBXGroup;
			children = (
				A82D1A0D2A7172BB00687364 /* MapViewModel.swift */,
			);
			path = ViewModel;
			sourceTree = "<group>";
		};
		A82DF7D32A77DD22005AD7B0 /* Service */ = {
			isa = PBXGroup;
			children = (
			);
			path = Service;
			sourceTree = "<group>";
		};
		A842D8442A5EBAFC008F8C8F = {
			isa = PBXGroup;
			children = (
				A842D84F2A5EBAFC008F8C8F /* FinnFinds */,
				A842D84E2A5EBAFC008F8C8F /* Products */,
				A88A05542AC46441004999C6 /* Frameworks */,
			);
			sourceTree = "<group>";
		};
		A842D84E2A5EBAFC008F8C8F /* Products */ = {
			isa = PBXGroup;
			children = (
				A842D84D2A5EBAFC008F8C8F /* FinnFinds.app */,
			);
			name = Products;
			sourceTree = "<group>";
		};
		A842D84F2A5EBAFC008F8C8F /* FinnFinds */ = {
			isa = PBXGroup;
			children = (
				A82D1A072A6FF67D00687364 /* FinnFinds.entitlements */,
				A842D85F2A5EBB0D008F8C8F /* Feature */,
				A842D85E2A5EBB09008F8C8F /* Base */,
				A842D8502A5EBAFC008F8C8F /* FinnFindsApp.swift */,
				A842D8542A5EBAFD008F8C8F /* Assets.xcassets */,
				A87139AB2AB0AFA10053C187 /* GoogleService-Info.plist */,
				A842D8562A5EBAFD008F8C8F /* Preview Content */,
			);
			path = FinnFinds;
			sourceTree = "<group>";
		};
		A842D8562A5EBAFD008F8C8F /* Preview Content */ = {
			isa = PBXGroup;
			children = (
				A842D8572A5EBAFD008F8C8F /* Preview Assets.xcassets */,
			);
			path = "Preview Content";
			sourceTree = "<group>";
		};
		A842D85E2A5EBB09008F8C8F /* Base */ = {
			isa = PBXGroup;
			children = (
				A88A05572AC4659C004999C6 /* Notifications */,
				A87139AD2AB2026B0053C187 /* Constants */,
				A8F759712A8E6C8A009443BB /* Functions */,
				A842D86E2A5F1C62008F8C8F /* Modifier */,
				A842D86B2A5F11B8008F8C8F /* Views */,
			);
			path = Base;
			sourceTree = "<group>";
		};
		A842D85F2A5EBB0D008F8C8F /* Feature */ = {
			isa = PBXGroup;
			children = (
				A8F759742A8E6DF6009443BB /* Account */,
				A89F2E612A79355A00C97665 /* Groups */,
				A82D1A082A71720200687364 /* Map */,
				A89F2E602A79353200C97665 /* Cars */,
				A89F2E5F2A7934BA00C97665 /* Auth */,
				A842D87C2A608913008F8C8F /* Home */,
			);
			path = Feature;
			sourceTree = "<group>";
		};
		A842D8672A5F0EFF008F8C8F /* Login */ = {
			isa = PBXGroup;
			children = (
				A885FD842A6E78D000C3CBD4 /* ViewModel */,
				A842D8972A63FC66008F8C8F /* Service */,
				A842D8942A63FC13008F8C8F /* Model */,
				A842D8682A5F0F09008F8C8F /* View */,
			);
			path = Login;
			sourceTree = "<group>";
		};
		A842D8682A5F0F09008F8C8F /* View */ = {
			isa = PBXGroup;
			children = (
				A842D8692A5F0F17008F8C8F /* LoginView.swift */,
			);
			path = View;
			sourceTree = "<group>";
		};
		A842D86B2A5F11B8008F8C8F /* Views */ = {
			isa = PBXGroup;
			children = (
				A842D86C2A5F11D1008F8C8F /* InputTextFieldView.swift */,
				A842D8712A606514008F8C8F /* InputPasswordView.swift */,
				A842D8732A607988008F8C8F /* ButtonView.swift */,
				A802B1A12A9CA68F004A2370 /* VehicleEmojiPicker.swift */,
			);
			path = Views;
			sourceTree = "<group>";
		};
		A842D86E2A5F1C62008F8C8F /* Modifier */ = {
			isa = PBXGroup;
			children = (
				A842D86F2A5F1C8E008F8C8F /* PreviewLayoutComponentModifier.swift */,
				A842D87A2A6086B4008F8C8F /* CloseModifier.swift */,
			);
			path = Modifier;
			sourceTree = "<group>";
		};
		A842D8762A6080F8008F8C8F /* Register */ = {
			isa = PBXGroup;
			children = (
				A842D88A2A619078008F8C8F /* ViewModel */,
				A842D8872A617320008F8C8F /* Service */,
				A842D8842A6172C0008F8C8F /* Model */,
				A842D8772A608105008F8C8F /* View */,
			);
			path = Register;
			sourceTree = "<group>";
		};
		A842D8772A608105008F8C8F /* View */ = {
			isa = PBXGroup;
			children = (
				A842D8782A608112008F8C8F /* RegisterView.swift */,
			);
			path = View;
			sourceTree = "<group>";
		};
		A842D87C2A608913008F8C8F /* Home */ = {
			isa = PBXGroup;
			children = (
				A842D87D2A60891C008F8C8F /* View */,
			);
			path = Home;
			sourceTree = "<group>";
		};
		A842D87D2A60891C008F8C8F /* View */ = {
			isa = PBXGroup;
			children = (
				A842D87E2A608926008F8C8F /* HomeView.swift */,
			);
			path = View;
			sourceTree = "<group>";
		};
		A842D8802A6165E4008F8C8F /* Forgot Password */ = {
			isa = PBXGroup;
			children = (
				A82D1A042A6EBCB000687364 /* ViewModel */,
				A82D1A012A6EB64600687364 /* Service */,
				A842D8812A6165F3008F8C8F /* View */,
			);
			path = "Forgot Password";
			sourceTree = "<group>";
		};
		A842D8812A6165F3008F8C8F /* View */ = {
			isa = PBXGroup;
			children = (
				A842D8822A616603008F8C8F /* ForgotPasswordView.swift */,
			);
			path = View;
			sourceTree = "<group>";
		};
		A842D8842A6172C0008F8C8F /* Model */ = {
			isa = PBXGroup;
			children = (
				A842D8852A6172D8008F8C8F /* RegistrationDetails.swift */,
			);
			path = Model;
			sourceTree = "<group>";
		};
		A842D8872A617320008F8C8F /* Service */ = {
			isa = PBXGroup;
			children = (
				A842D8882A61732C008F8C8F /* RegistrationService.swift */,
			);
			path = Service;
			sourceTree = "<group>";
		};
		A842D88A2A619078008F8C8F /* ViewModel */ = {
			isa = PBXGroup;
			children = (
				A842D88B2A619088008F8C8F /* RegistrationViewModel.swift */,
			);
			path = ViewModel;
			sourceTree = "<group>";
		};
		A842D88D2A61AE08008F8C8F /* Session */ = {
			isa = PBXGroup;
			children = (
				A842D8912A61AE91008F8C8F /* Service */,
				A842D88E2A61AE13008F8C8F /* Model */,
			);
			path = Session;
			sourceTree = "<group>";
		};
		A842D88E2A61AE13008F8C8F /* Model */ = {
			isa = PBXGroup;
			children = (
				A8A8636F2A7BB5EA0046995D /* UserDetails.swift */,
			);
			path = Model;
			sourceTree = "<group>";
		};
		A842D8912A61AE91008F8C8F /* Service */ = {
			isa = PBXGroup;
			children = (
				A842D8922A61AE9F008F8C8F /* SessionService.swift */,
			);
			path = Service;
			sourceTree = "<group>";
		};
		A842D8942A63FC13008F8C8F /* Model */ = {
			isa = PBXGroup;
			children = (
				A842D8952A63FC28008F8C8F /* LoginCredentials.swift */,
			);
			path = Model;
			sourceTree = "<group>";
		};
		A842D8972A63FC66008F8C8F /* Service */ = {
			isa = PBXGroup;
			children = (
				A842D8982A63FC72008F8C8F /* LoginService.swift */,
			);
			path = Service;
			sourceTree = "<group>";
		};
		A87139AD2AB2026B0053C187 /* Constants */ = {
			isa = PBXGroup;
			children = (
				A87139AE2AB2027D0053C187 /* Constants.swift */,
			);
			path = Constants;
			sourceTree = "<group>";
		};
		A885FD842A6E78D000C3CBD4 /* ViewModel */ = {
			isa = PBXGroup;
			children = (
				A885FD852A6E78F300C3CBD4 /* LoginViewModel.swift */,
			);
			path = ViewModel;
			sourceTree = "<group>";
		};
		A88A05542AC46441004999C6 /* Frameworks */ = {
			isa = PBXGroup;
			children = (
			);
			name = Frameworks;
			sourceTree = "<group>";
		};
		A88A05572AC4659C004999C6 /* Notifications */ = {
			isa = PBXGroup;
			children = (
				A88A05582AC465B7004999C6 /* NotificationsManager.swift */,
				A808219F2AC5E676004B284E /* PushNotificationManager.swift */,
			);
			path = Notifications;
			sourceTree = "<group>";
		};
		A89F2E5F2A7934BA00C97665 /* Auth */ = {
			isa = PBXGroup;
			children = (
				A842D88D2A61AE08008F8C8F /* Session */,
				A842D8802A6165E4008F8C8F /* Forgot Password */,
				A842D8762A6080F8008F8C8F /* Register */,
				A842D8672A5F0EFF008F8C8F /* Login */,
			);
			path = Auth;
			sourceTree = "<group>";
		};
		A89F2E602A79353200C97665 /* Cars */ = {
			isa = PBXGroup;
			children = (
				A8FF95C02A7D166A0025C516 /* Service */,
				A8FF95BF2A7D16620025C516 /* ViewModel */,
				A8FF95BE2A7D165C0025C516 /* Model */,
				A8FF95BD2A7D16530025C516 /* Views */,
			);
			path = Cars;
			sourceTree = "<group>";
		};
		A89F2E612A79355A00C97665 /* Groups */ = {
			isa = PBXGroup;
			children = (
				A89F2E6B2A793D4200C97665 /* Model */,
				A89F2E682A793BBE00C97665 /* Views */,
				A89F2E652A7938EE00C97665 /* ViewModel */,
				A89F2E622A79356600C97665 /* Service */,
			);
			path = Groups;
			sourceTree = "<group>";
		};
		A89F2E622A79356600C97665 /* Service */ = {
			isa = PBXGroup;
			children = (
				A89F2E632A79359800C97665 /* GroupsService.swift */,
			);
			path = Service;
			sourceTree = "<group>";
		};
		A89F2E652A7938EE00C97665 /* ViewModel */ = {
			isa = PBXGroup;
			children = (
				A89F2E662A7938FA00C97665 /* GroupsViewModel.swift */,
			);
			path = ViewModel;
			sourceTree = "<group>";
		};
		A89F2E682A793BBE00C97665 /* Views */ = {
			isa = PBXGroup;
			children = (
				A89F2E692A793BCA00C97665 /* GroupsView.swift */,
				A8285A922A793F2D007D3305 /* GroupDetailView.swift */,
				A8285A942A7950AE007D3305 /* CreateGroupView.swift */,
				A8CF46D22A7A6A6200F39C7A /* AddCarView.swift */,
				A8F7596F2A8E608E009443BB /* InviteMemberView.swift */,
				A802B1A72A9CE38A004A2370 /* EditCarView.swift */,
			);
			path = Views;
			sourceTree = "<group>";
		};
		A89F2E6B2A793D4200C97665 /* Model */ = {
			isa = PBXGroup;
			children = (
				A89F2E6C2A793D4C00C97665 /* GroupDetails.swift */,
			);
			path = Model;
			sourceTree = "<group>";
		};
		A8F759712A8E6C8A009443BB /* Functions */ = {
			isa = PBXGroup;
			children = (
				A8F759722A8E6CAB009443BB /* BaseFuntions.swift */,
			);
			path = Functions;
			sourceTree = "<group>";
		};
		A8F759742A8E6DF6009443BB /* Account */ = {
			isa = PBXGroup;
			children = (
				A8F7597E2A8E71C3009443BB /* Model */,
				A8F7597B2A8E716A009443BB /* Service */,
				A8F759782A8E70E8009443BB /* ViewModel */,
				A8F759752A8E6DFE009443BB /* View */,
			);
			path = Account;
			sourceTree = "<group>";
		};
		A8F759752A8E6DFE009443BB /* View */ = {
			isa = PBXGroup;
			children = (
				A8F759762A8E6E0B009443BB /* AccountView.swift */,
			);
			path = View;
			sourceTree = "<group>";
		};
		A8F759782A8E70E8009443BB /* ViewModel */ = {
			isa = PBXGroup;
			children = (
				A8F759792A8E70FA009443BB /* AccountViewModel.swift */,
			);
			path = ViewModel;
			sourceTree = "<group>";
		};
		A8F7597B2A8E716A009443BB /* Service */ = {
			isa = PBXGroup;
			children = (
				A8F7597C2A8E7176009443BB /* AccountService.swift */,
			);
			path = Service;
			sourceTree = "<group>";
		};
		A8F7597E2A8E71C3009443BB /* Model */ = {
			isa = PBXGroup;
			children = (
				A8F7597F2A8E71CF009443BB /* Invitation.swift */,
			);
			path = Model;
			sourceTree = "<group>";
		};
		A8FF95BD2A7D16530025C516 /* Views */ = {
			isa = PBXGroup;
			children = (
				A8FF95C72A7D1CA50025C516 /* CarsView.swift */,
				A827F2CB2A895C75002F6567 /* CarDetailsView.swift */,
			);
			path = Views;
			sourceTree = "<group>";
		};
		A8FF95BE2A7D165C0025C516 /* Model */ = {
			isa = PBXGroup;
			children = (
				A8FF95C12A7D16A60025C516 /* Car.swift */,
			);
			path = Model;
			sourceTree = "<group>";
		};
		A8FF95BF2A7D16620025C516 /* ViewModel */ = {
			isa = PBXGroup;
			children = (
				A8FF95C52A7D1B110025C516 /* CarsViewModel.swift */,
			);
			path = ViewModel;
			sourceTree = "<group>";
		};
		A8FF95C02A7D166A0025C516 /* Service */ = {
			isa = PBXGroup;
			children = (
				A8FF95C32A7D16F30025C516 /* CarsService.swift */,
			);
			path = Service;
			sourceTree = "<group>";
		};
/* End PBXGroup section */

/* Begin PBXNativeTarget section */
		A842D84C2A5EBAFC008F8C8F /* FinnFinds */ = {
			isa = PBXNativeTarget;
			buildConfigurationList = A842D85B2A5EBAFD008F8C8F /* Build configuration list for PBXNativeTarget "FinnFinds" */;
			buildPhases = (
				A842D8492A5EBAFC008F8C8F /* Sources */,
				A842D84A2A5EBAFC008F8C8F /* Frameworks */,
				A842D84B2A5EBAFC008F8C8F /* Resources */,
			);
			buildRules = (
			);
			dependencies = (
			);
			name = FinnFinds;
			packageProductDependencies = (
				A842D8632A5EC44E008F8C8F /* FirebaseAuth */,
				A842D8652A5EC44E008F8C8F /* FirebaseFirestore */,
				A88A05552AC46441004999C6 /* FirebaseMessaging */,
			);
			productName = FindCar;
			productReference = A842D84D2A5EBAFC008F8C8F /* FinnFinds.app */;
			productType = "com.apple.product-type.application";
		};
/* End PBXNativeTarget section */

/* Begin PBXProject section */
		A842D8452A5EBAFC008F8C8F /* Project object */ = {
			isa = PBXProject;
			attributes = {
				BuildIndependentTargetsInParallel = 1;
				LastSwiftUpdateCheck = 1430;
				LastUpgradeCheck = 1430;
				TargetAttributes = {
					A842D84C2A5EBAFC008F8C8F = {
						CreatedOnToolsVersion = 14.3.1;
					};
				};
			};
			buildConfigurationList = A842D8482A5EBAFC008F8C8F /* Build configuration list for PBXProject "FinnFinds" */;
			compatibilityVersion = "Xcode 14.0";
			developmentRegion = en;
			hasScannedForEncodings = 0;
			knownRegions = (
				en,
				Base,
			);
			mainGroup = A842D8442A5EBAFC008F8C8F;
			packageReferences = (
				A842D8622A5EC44E008F8C8F /* XCRemoteSwiftPackageReference "firebase-ios-sdk" */,
			);
			productRefGroup = A842D84E2A5EBAFC008F8C8F /* Products */;
			projectDirPath = "";
			projectRoot = "";
			targets = (
				A842D84C2A5EBAFC008F8C8F /* FinnFinds */,
			);
		};
/* End PBXProject section */

/* Begin PBXResourcesBuildPhase section */
		A842D84B2A5EBAFC008F8C8F /* Resources */ = {
			isa = PBXResourcesBuildPhase;
			buildActionMask = 2147483647;
			files = (
				A842D8582A5EBAFD008F8C8F /* Preview Assets.xcassets in Resources */,
				A842D8552A5EBAFD008F8C8F /* Assets.xcassets in Resources */,
				A87139AC2AB0AFA10053C187 /* GoogleService-Info.plist in Resources */,
			);
			runOnlyForDeploymentPostprocessing = 0;
		};
/* End PBXResourcesBuildPhase section */

/* Begin PBXSourcesBuildPhase section */
		A842D8492A5EBAFC008F8C8F /* Sources */ = {
			isa = PBXSourcesBuildPhase;
			buildActionMask = 2147483647;
			files = (
				A8F759732A8E6CAB009443BB /* BaseFuntions.swift in Sources */,
				A8F759702A8E608E009443BB /* InviteMemberView.swift in Sources */,
				A842D8992A63FC72008F8C8F /* LoginService.swift in Sources */,
				A802B1A82A9CE38A004A2370 /* EditCarView.swift in Sources */,
				A842D87F2A608926008F8C8F /* HomeView.swift in Sources */,
				A842D8722A606514008F8C8F /* InputPasswordView.swift in Sources */,
				A8FF95C42A7D16F30025C516 /* CarsService.swift in Sources */,
				A8285A932A793F2D007D3305 /* GroupDetailView.swift in Sources */,
				A80821A02AC5E676004B284E /* PushNotificationManager.swift in Sources */,
				A82D1A062A6EBCC700687364 /* ForgotPasswordViewModel.swift in Sources */,
				A842D86A2A5F0F17008F8C8F /* LoginView.swift in Sources */,
				A842D8702A5F1C8E008F8C8F /* PreviewLayoutComponentModifier.swift in Sources */,
				A88B86F82A99130300F90C54 /* SearchView.swift in Sources */,
				A842D8892A61732C008F8C8F /* RegistrationService.swift in Sources */,
				A89F2E642A79359800C97665 /* GroupsService.swift in Sources */,
				A82D1A0B2A71722700687364 /* MapView.swift in Sources */,
				A842D87B2A6086B4008F8C8F /* CloseModifier.swift in Sources */,
				A842D8932A61AE9F008F8C8F /* SessionService.swift in Sources */,
				A885FD862A6E78F300C3CBD4 /* LoginViewModel.swift in Sources */,
				A842D8792A608112008F8C8F /* RegisterView.swift in Sources */,
				A842D8962A63FC28008F8C8F /* LoginCredentials.swift in Sources */,
				A89F2E6A2A793BCA00C97665 /* GroupsView.swift in Sources */,
				A8A863702A7BB5EA0046995D /* UserDetails.swift in Sources */,
				A842D8512A5EBAFC008F8C8F /* FinnFindsApp.swift in Sources */,
				A88A05592AC465B7004999C6 /* NotificationsManager.swift in Sources */,
				A87139AF2AB2027D0053C187 /* Constants.swift in Sources */,
				A842D8742A607988008F8C8F /* ButtonView.swift in Sources */,
				A842D88C2A619088008F8C8F /* RegistrationViewModel.swift in Sources */,
				A82D1A032A6EB65100687364 /* ForgotPasswordService.swift in Sources */,
				A8F759772A8E6E0B009443BB /* AccountView.swift in Sources */,
				A8285A952A7950AE007D3305 /* CreateGroupView.swift in Sources */,
				A8F7597A2A8E70FA009443BB /* AccountViewModel.swift in Sources */,
				A82D1A0E2A7172BB00687364 /* MapViewModel.swift in Sources */,
				A842D8862A6172D8008F8C8F /* RegistrationDetails.swift in Sources */,
				A89F2E672A7938FA00C97665 /* GroupsViewModel.swift in Sources */,
				A8FF95C22A7D16A60025C516 /* Car.swift in Sources */,
				A8F7597D2A8E7176009443BB /* AccountService.swift in Sources */,
				A827F2CC2A895C75002F6567 /* CarDetailsView.swift in Sources */,
				A842D8832A616603008F8C8F /* ForgotPasswordView.swift in Sources */,
				A8FF95C62A7D1B110025C516 /* CarsViewModel.swift in Sources */,
				A8FF95C82A7D1CA50025C516 /* CarsView.swift in Sources */,
				A89F2E6D2A793D4C00C97665 /* GroupDetails.swift in Sources */,
				A8F759802A8E71CF009443BB /* Invitation.swift in Sources */,
				A8CF46D32A7A6A6200F39C7A /* AddCarView.swift in Sources */,
				A842D86D2A5F11D1008F8C8F /* InputTextFieldView.swift in Sources */,
				A802B1A22A9CA68F004A2370 /* VehicleEmojiPicker.swift in Sources */,
			);
			runOnlyForDeploymentPostprocessing = 0;
		};
/* End PBXSourcesBuildPhase section */

/* Begin XCBuildConfiguration section */
		A842D8592A5EBAFD008F8C8F /* Debug */ = {
			isa = XCBuildConfiguration;
			buildSettings = {
				ALWAYS_SEARCH_USER_PATHS = NO;
				CLANG_ANALYZER_NONNULL = YES;
				CLANG_ANALYZER_NUMBER_OBJECT_CONVERSION = YES_AGGRESSIVE;
				CLANG_CXX_LANGUAGE_STANDARD = "gnu++20";
				CLANG_ENABLE_MODULES = YES;
				CLANG_ENABLE_OBJC_ARC = YES;
				CLANG_ENABLE_OBJC_WEAK = YES;
				CLANG_WARN_BLOCK_CAPTURE_AUTORELEASING = YES;
				CLANG_WARN_BOOL_CONVERSION = YES;
				CLANG_WARN_COMMA = YES;
				CLANG_WARN_CONSTANT_CONVERSION = YES;
				CLANG_WARN_DEPRECATED_OBJC_IMPLEMENTATIONS = YES;
				CLANG_WARN_DIRECT_OBJC_ISA_USAGE = YES_ERROR;
				CLANG_WARN_DOCUMENTATION_COMMENTS = YES;
				CLANG_WARN_EMPTY_BODY = YES;
				CLANG_WARN_ENUM_CONVERSION = YES;
				CLANG_WARN_INFINITE_RECURSION = YES;
				CLANG_WARN_INT_CONVERSION = YES;
				CLANG_WARN_NON_LITERAL_NULL_CONVERSION = YES;
				CLANG_WARN_OBJC_IMPLICIT_RETAIN_SELF = YES;
				CLANG_WARN_OBJC_LITERAL_CONVERSION = YES;
				CLANG_WARN_OBJC_ROOT_CLASS = YES_ERROR;
				CLANG_WARN_QUOTED_INCLUDE_IN_FRAMEWORK_HEADER = YES;
				CLANG_WARN_RANGE_LOOP_ANALYSIS = YES;
				CLANG_WARN_STRICT_PROTOTYPES = YES;
				CLANG_WARN_SUSPICIOUS_MOVE = YES;
				CLANG_WARN_UNGUARDED_AVAILABILITY = YES_AGGRESSIVE;
				CLANG_WARN_UNREACHABLE_CODE = YES;
				CLANG_WARN__DUPLICATE_METHOD_MATCH = YES;
				COPY_PHASE_STRIP = NO;
				DEBUG_INFORMATION_FORMAT = dwarf;
				ENABLE_STRICT_OBJC_MSGSEND = YES;
				ENABLE_TESTABILITY = YES;
				GCC_C_LANGUAGE_STANDARD = gnu11;
				GCC_DYNAMIC_NO_PIC = NO;
				GCC_NO_COMMON_BLOCKS = YES;
				GCC_OPTIMIZATION_LEVEL = 0;
				GCC_PREPROCESSOR_DEFINITIONS = (
					"DEBUG=1",
					"$(inherited)",
				);
				GCC_WARN_64_TO_32_BIT_CONVERSION = YES;
				GCC_WARN_ABOUT_RETURN_TYPE = YES_ERROR;
				GCC_WARN_UNDECLARED_SELECTOR = YES;
				GCC_WARN_UNINITIALIZED_AUTOS = YES_AGGRESSIVE;
				GCC_WARN_UNUSED_FUNCTION = YES;
				GCC_WARN_UNUSED_VARIABLE = YES;
				IPHONEOS_DEPLOYMENT_TARGET = 16.4;
				MTL_ENABLE_DEBUG_INFO = INCLUDE_SOURCE;
				MTL_FAST_MATH = YES;
				ONLY_ACTIVE_ARCH = YES;
				SDKROOT = iphoneos;
				SWIFT_ACTIVE_COMPILATION_CONDITIONS = DEBUG;
				SWIFT_OPTIMIZATION_LEVEL = "-Onone";
			};
			name = Debug;
		};
		A842D85A2A5EBAFD008F8C8F /* Release */ = {
			isa = XCBuildConfiguration;
			buildSettings = {
				ALWAYS_SEARCH_USER_PATHS = NO;
				CLANG_ANALYZER_NONNULL = YES;
				CLANG_ANALYZER_NUMBER_OBJECT_CONVERSION = YES_AGGRESSIVE;
				CLANG_CXX_LANGUAGE_STANDARD = "gnu++20";
				CLANG_ENABLE_MODULES = YES;
				CLANG_ENABLE_OBJC_ARC = YES;
				CLANG_ENABLE_OBJC_WEAK = YES;
				CLANG_WARN_BLOCK_CAPTURE_AUTORELEASING = YES;
				CLANG_WARN_BOOL_CONVERSION = YES;
				CLANG_WARN_COMMA = YES;
				CLANG_WARN_CONSTANT_CONVERSION = YES;
				CLANG_WARN_DEPRECATED_OBJC_IMPLEMENTATIONS = YES;
				CLANG_WARN_DIRECT_OBJC_ISA_USAGE = YES_ERROR;
				CLANG_WARN_DOCUMENTATION_COMMENTS = YES;
				CLANG_WARN_EMPTY_BODY = YES;
				CLANG_WARN_ENUM_CONVERSION = YES;
				CLANG_WARN_INFINITE_RECURSION = YES;
				CLANG_WARN_INT_CONVERSION = YES;
				CLANG_WARN_NON_LITERAL_NULL_CONVERSION = YES;
				CLANG_WARN_OBJC_IMPLICIT_RETAIN_SELF = YES;
				CLANG_WARN_OBJC_LITERAL_CONVERSION = YES;
				CLANG_WARN_OBJC_ROOT_CLASS = YES_ERROR;
				CLANG_WARN_QUOTED_INCLUDE_IN_FRAMEWORK_HEADER = YES;
				CLANG_WARN_RANGE_LOOP_ANALYSIS = YES;
				CLANG_WARN_STRICT_PROTOTYPES = YES;
				CLANG_WARN_SUSPICIOUS_MOVE = YES;
				CLANG_WARN_UNGUARDED_AVAILABILITY = YES_AGGRESSIVE;
				CLANG_WARN_UNREACHABLE_CODE = YES;
				CLANG_WARN__DUPLICATE_METHOD_MATCH = YES;
				COPY_PHASE_STRIP = NO;
				DEBUG_INFORMATION_FORMAT = "dwarf-with-dsym";
				ENABLE_NS_ASSERTIONS = NO;
				ENABLE_STRICT_OBJC_MSGSEND = YES;
				GCC_C_LANGUAGE_STANDARD = gnu11;
				GCC_NO_COMMON_BLOCKS = YES;
				GCC_WARN_64_TO_32_BIT_CONVERSION = YES;
				GCC_WARN_ABOUT_RETURN_TYPE = YES_ERROR;
				GCC_WARN_UNDECLARED_SELECTOR = YES;
				GCC_WARN_UNINITIALIZED_AUTOS = YES_AGGRESSIVE;
				GCC_WARN_UNUSED_FUNCTION = YES;
				GCC_WARN_UNUSED_VARIABLE = YES;
				IPHONEOS_DEPLOYMENT_TARGET = 16.4;
				MTL_ENABLE_DEBUG_INFO = NO;
				MTL_FAST_MATH = YES;
				SDKROOT = iphoneos;
				SWIFT_COMPILATION_MODE = wholemodule;
				SWIFT_OPTIMIZATION_LEVEL = "-O";
				VALIDATE_PRODUCT = YES;
			};
			name = Release;
		};
		A842D85C2A5EBAFD008F8C8F /* Debug */ = {
			isa = XCBuildConfiguration;
			buildSettings = {
				ASSETCATALOG_COMPILER_APPICON_NAME = AppIcon;
				ASSETCATALOG_COMPILER_GLOBAL_ACCENT_COLOR_NAME = AccentColor;
				CODE_SIGN_ENTITLEMENTS = FinnFinds/FinnFinds.entitlements;
				CODE_SIGN_STYLE = Automatic;
				CURRENT_PROJECT_VERSION = 1;
				DEVELOPMENT_ASSET_PATHS = "\"FinnFinds/Preview Content\"";
				DEVELOPMENT_TEAM = 2A8JYJ93YV;
				ENABLE_PREVIEWS = YES;
				GENERATE_INFOPLIST_FILE = YES;
				INFOPLIST_FILE = FinnFinds/Info.plist;
				INFOPLIST_KEY_CFBundleDisplayName = FinnFinds;
				INFOPLIST_KEY_LSApplicationCategoryType = "public.app-category.utilities";
				INFOPLIST_KEY_NSLocationWhenInUseUsageDescription = "This app needs your location to find it on the map.";
				INFOPLIST_KEY_UIApplicationSceneManifest_Generation = YES;
				INFOPLIST_KEY_UIApplicationSupportsIndirectInputEvents = YES;
				INFOPLIST_KEY_UILaunchScreen_Generation = YES;
				INFOPLIST_KEY_UISupportedInterfaceOrientations_iPad = "UIInterfaceOrientationPortrait UIInterfaceOrientationPortraitUpsideDown UIInterfaceOrientationLandscapeLeft UIInterfaceOrientationLandscapeRight";
				INFOPLIST_KEY_UISupportedInterfaceOrientations_iPhone = UIInterfaceOrientationPortrait;
				LD_RUNPATH_SEARCH_PATHS = (
					"$(inherited)",
					"@executable_path/Frameworks",
				);
				MARKETING_VERSION = 1.0;
				PRODUCT_BUNDLE_IDENTIFIER = com.nirneu.FinnFinds;
				PRODUCT_NAME = "$(TARGET_NAME)";
				SUPPORTED_PLATFORMS = "iphoneos iphonesimulator";
				SUPPORTS_MACCATALYST = NO;
				SUPPORTS_MAC_DESIGNED_FOR_IPHONE_IPAD = NO;
				SWIFT_EMIT_LOC_STRINGS = YES;
				SWIFT_VERSION = 5.0;
				TARGETED_DEVICE_FAMILY = 1;
			};
			name = Debug;
		};
		A842D85D2A5EBAFD008F8C8F /* Release */ = {
			isa = XCBuildConfiguration;
			buildSettings = {
				ASSETCATALOG_COMPILER_APPICON_NAME = AppIcon;
				ASSETCATALOG_COMPILER_GLOBAL_ACCENT_COLOR_NAME = AccentColor;
				CODE_SIGN_ENTITLEMENTS = FinnFinds/FinnFinds.entitlements;
				CODE_SIGN_STYLE = Automatic;
				CURRENT_PROJECT_VERSION = 1;
				DEVELOPMENT_ASSET_PATHS = "\"FinnFinds/Preview Content\"";
				DEVELOPMENT_TEAM = 2A8JYJ93YV;
				ENABLE_PREVIEWS = YES;
				GENERATE_INFOPLIST_FILE = YES;
				INFOPLIST_FILE = FinnFinds/Info.plist;
				INFOPLIST_KEY_CFBundleDisplayName = FinnFinds;
				INFOPLIST_KEY_LSApplicationCategoryType = "public.app-category.utilities";
				INFOPLIST_KEY_NSLocationWhenInUseUsageDescription = "This app needs your location to find it on the map.";
				INFOPLIST_KEY_UIApplicationSceneManifest_Generation = YES;
				INFOPLIST_KEY_UIApplicationSupportsIndirectInputEvents = YES;
				INFOPLIST_KEY_UILaunchScreen_Generation = YES;
				INFOPLIST_KEY_UISupportedInterfaceOrientations_iPad = "UIInterfaceOrientationPortrait UIInterfaceOrientationPortraitUpsideDown UIInterfaceOrientationLandscapeLeft UIInterfaceOrientationLandscapeRight";
				INFOPLIST_KEY_UISupportedInterfaceOrientations_iPhone = UIInterfaceOrientationPortrait;
				LD_RUNPATH_SEARCH_PATHS = (
					"$(inherited)",
					"@executable_path/Frameworks",
				);
				MARKETING_VERSION = 1.0;
				PRODUCT_BUNDLE_IDENTIFIER = com.nirneu.FinnFinds;
				PRODUCT_NAME = "$(TARGET_NAME)";
				SUPPORTED_PLATFORMS = "iphoneos iphonesimulator";
				SUPPORTS_MACCATALYST = NO;
				SUPPORTS_MAC_DESIGNED_FOR_IPHONE_IPAD = NO;
				SWIFT_EMIT_LOC_STRINGS = YES;
				SWIFT_VERSION = 5.0;
				TARGETED_DEVICE_FAMILY = 1;
			};
			name = Release;
		};
/* End XCBuildConfiguration section */

/* Begin XCConfigurationList section */
		A842D8482A5EBAFC008F8C8F /* Build configuration list for PBXProject "FinnFinds" */ = {
			isa = XCConfigurationList;
			buildConfigurations = (
				A842D8592A5EBAFD008F8C8F /* Debug */,
				A842D85A2A5EBAFD008F8C8F /* Release */,
			);
			defaultConfigurationIsVisible = 0;
			defaultConfigurationName = Release;
		};
		A842D85B2A5EBAFD008F8C8F /* Build configuration list for PBXNativeTarget "FinnFinds" */ = {
			isa = XCConfigurationList;
			buildConfigurations = (
				A842D85C2A5EBAFD008F8C8F /* Debug */,
				A842D85D2A5EBAFD008F8C8F /* Release */,
			);
			defaultConfigurationIsVisible = 0;
			defaultConfigurationName = Release;
		};
/* End XCConfigurationList section */

/* Begin XCRemoteSwiftPackageReference section */
		A842D8622A5EC44E008F8C8F /* XCRemoteSwiftPackageReference "firebase-ios-sdk" */ = {
			isa = XCRemoteSwiftPackageReference;
			repositoryURL = "https://github.com/firebase/firebase-ios-sdk";
			requirement = {
				kind = upToNextMajorVersion;
				minimumVersion = 10.0.0;
			};
		};
/* End XCRemoteSwiftPackageReference section */

/* Begin XCSwiftPackageProductDependency section */
		A842D8632A5EC44E008F8C8F /* FirebaseAuth */ = {
			isa = XCSwiftPackageProductDependency;
			package = A842D8622A5EC44E008F8C8F /* XCRemoteSwiftPackageReference "firebase-ios-sdk" */;
			productName = FirebaseAuth;
		};
		A842D8652A5EC44E008F8C8F /* FirebaseFirestore */ = {
			isa = XCSwiftPackageProductDependency;
			package = A842D8622A5EC44E008F8C8F /* XCRemoteSwiftPackageReference "firebase-ios-sdk" */;
			productName = FirebaseFirestore;
		};
		A88A05552AC46441004999C6 /* FirebaseMessaging */ = {
			isa = XCSwiftPackageProductDependency;
			package = A842D8622A5EC44E008F8C8F /* XCRemoteSwiftPackageReference "firebase-ios-sdk" */;
			productName = FirebaseMessaging;
		};
/* End XCSwiftPackageProductDependency section */
	};
	rootObject = A842D8452A5EBAFC008F8C8F /* Project object */;
}
